
Microsoft Visual Studio Solution File, Format Version 12.00
# Visual Studio Version 16
VisualStudioVersion = 16.0.33423.256
MinimumVisualStudioVersion = 10.0.40219.1
Project("{FAE04EC0-301F-11D3-BF4B-00C04F79EFBC}") = "ProyectoCliente", "ProyectoCliente\ProyectoCliente.csproj", "{F5E1CDE5-C860-41D9-9D42-91C338F210D1}"
EndProject
Global
	GlobalSection(SolutionConfigurationPlatforms) = preSolution
		Debug|Any CPU = Debug|Any CPU
		Release|Any CPU = Release|Any CPU
	EndGlobalSection
	GlobalSection(ProjectConfigurationPlatforms) = postSolution
		{F5E1CDE5-C860-41D9-9D42-91C338F210D1}.Debug|Any CPU.ActiveCfg = Debug|Any CPU
		{F5E1CDE5-C860-41D9-9D42-91C338F210D1}.Debug|Any CPU.Build.0 = Debug|Any CPU
		{F5E1CDE5-C860-41D9-9D42-91C338F210D1}.Release|Any CPU.ActiveCfg = Release|Any CPU
		{F5E1CDE5-C860-41D9-9D42-91C338F210D1}.Release|Any CPU.Build.0 = Release|Any CPU
	EndGlobalSection
	GlobalSection(SolutionProperties) = preSolution
		HideSolutionNode = FALSE
	EndGlobalSection
	GlobalSection(ExtensibilityGlobals) = postSolution
		SolutionGuid = {3ADDDD3E-DEE3-4C3F-9EB9-F4B8FA988D34}
	EndGlobalSection
EndGlobal
